PODS:
  - Braintree (4.33.0):
    - Braintree/Card (= 4.33.0)
    - Braintree/Core (= 4.33.0)
    - Braintree/PayPal (= 4.33.0)
    - Braintree/UI (= 4.33.0)
  - Braintree/Apple-Pay (4.33.0):
    - Braintree/Core
  - Braintree/Card (4.33.0):
    - Braintree/Core
  - Braintree/Core (4.33.0)
  - Braintree/PaymentFlow (4.33.0):
    - Braintree/Card
    - Braintree/Core
    - Braintree/PayPalOneTouch
  - Braintree/PayPal (4.33.0):
    - Braintree/Core
    - Braintree/PayPalOneTouch
  - Braintree/PayPalDataCollector (4.33.0):
    - Braintree/Core
    - Braintree/PayPalUtils
  - Braintree/PayPalOneTouch (4.33.0):
    - Braintree/Core
    - Braintree/PayPalDataCollector
    - Braintree/PayPalUtils
  - Braintree/PayPalUtils (4.33.0)
  - Braintree/UI (4.33.0):
    - Braintree/Card
    - Braintree/Core
  - InAppSettingsKit (2.14)
  - PayPal (0.0.1):
    - Braintree
    - Braintree/Apple-Pay
    - Braintree/PaymentFlow

DEPENDENCIES:
  - Braintree (from `https://github.com/braintree/braintree_ios.git`, branch `uat-env`)
  - InAppSettingsKit
  - PayPal (from `./`)

SPEC REPOS:
  trunk:
    - InAppSettingsKit

EXTERNAL SOURCES:
  Braintree:
    :branch: uat-env
    :git: https://github.com/braintree/braintree_ios.git
  PayPal:
    :path: "./"

CHECKOUT OPTIONS:
  Braintree:
    :commit: 1fee7c09243a15266bf3ce102cc187c2fc846fe1
    :git: https://github.com/braintree/braintree_ios.git

SPEC CHECKSUMS:
  Braintree: 586e4d274398fabe9d70ab790eefca41660b8a17
  InAppSettingsKit: 800853da39388780c15191846688c0974c5b13b5
  PayPal: 369e3bdef937ad496d48c1c9c588148fcbb11627

PODFILE CHECKSUM: 06f833fd9b30d28d177cc4b1d60b2f9abbf69bb1

COCOAPODS: 1.9.1
