PODS:
  - Braintree (4.33.0):
    - Braintree/Card (= 4.33.0)
    - Braintree/Core (= 4.33.0)
    - Braintree/PayPal (= 4.33.0)
    - Braintree/UI (= 4.33.0)
  - Braintree/Apple-Pay (4.33.0):
    - Braintree/Core
  - Braintree/Card (4.33.0):
    - Braintree/Core
  - Braintree/Core (4.33.0)
  - Braintree/PaymentFlow (4.33.0):
    - Braintree/Card
    - Braintree/Core
    - Braintree/PayPalOneTouch
  - Braintree/PayPal (4.33.0):
    - Braintree/Core
    - Braintree/PayPalOneTouch
  - Braintree/PayPalDataCollector (4.33.0):
    - Braintree/Core
    - Braintree/PayPalUtils
  - Braintree/PayPalOneTouch (4.33.0):
    - Braintree/Core
    - Braintree/PayPalDataCollector
    - Braintree/PayPalUtils
  - Braintree/PayPalUtils (4.33.0)
  - Braintree/UI (4.33.0):
    - Braintree/Card
    - Braintree/Core
  - InAppSettingsKit (2.14)
  - PayPalCommercePlatform (0.0.1):
    - Braintree
    - Braintree/Apple-Pay
    - Braintree/PaymentFlow

DEPENDENCIES:
  - Braintree (~> 4.33)
  - InAppSettingsKit
  - PayPalCommercePlatform (from `./`)

SPEC REPOS:
  trunk:
    - Braintree
    - InAppSettingsKit

EXTERNAL SOURCES:
  PayPalCommercePlatform:
    :path: "./"

SPEC CHECKSUMS:
  Braintree: 586e4d274398fabe9d70ab790eefca41660b8a17
  InAppSettingsKit: 800853da39388780c15191846688c0974c5b13b5
  PayPalCommercePlatform: 1d562d68825c155e393f68412182163ace4a2388

PODFILE CHECKSUM: 340717a79bd8145032f9be1fffa57f86335d51cc

COCOAPODS: 1.9.1
